
Microsoft Visual Studio Solution File, Format Version 12.00
# Visual Studio Version 17
VisualStudioVersion = 17.13.35913.81 d17.13
MinimumVisualStudioVersion = 10.0.40219.1
Project("{FAE04EC0-301F-11D3-BF4B-00C04F79EFBC}") = "NET_first-API", "NET_first-API\NET_first-API.csproj", "{94F46DD3-7335-4B21-B9B9-15412E349BB7}"
EndProject
Global
	GlobalSection(SolutionConfigurationPlatforms) = preSolution
		Debug|Any CPU = Debug|Any CPU
		Release|Any CPU = Release|Any CPU
	EndGlobalSection
	GlobalSection(ProjectConfigurationPlatforms) = postSolution
		{94F46DD3-7335-4B21-B9B9-15412E349BB7}.Debug|Any CPU.ActiveCfg = Debug|Any CPU
		{94F46DD3-7335-4B21-B9B9-15412E349BB7}.Debug|Any CPU.Build.0 = Debug|Any CPU
		{94F46DD3-7335-4B21-B9B9-15412E349BB7}.Release|Any CPU.ActiveCfg = Release|Any CPU
		{94F46DD3-7335-4B21-B9B9-15412E349BB7}.Release|Any CPU.Build.0 = Release|Any CPU
	EndGlobalSection
	GlobalSection(SolutionProperties) = preSolution
		HideSolutionNode = FALSE
	EndGlobalSection
	GlobalSection(ExtensibilityGlobals) = postSolution
		SolutionGuid = {670E0E3C-B131-42E0-B290-286A493AB0DA}
	EndGlobalSection
EndGlobal
